// !$*UTF8*$!
{
	archiveVersion = 1;
	classes = {
	};
	objectVersion = 55;
	objects = {

/* Begin PBXBuildFile section */
		A514CC3329025544000945B3 /* FirstViewModel.swift in Sources */ = {isa = PBXBuildFile; fileRef = A514CC3229025544000945B3 /* FirstViewModel.swift */; };
		A514CC3529064464000945B3 /* FirstView.swift in Sources */ = {isa = PBXBuildFile; fileRef = A514CC3429064464000945B3 /* FirstView.swift */; };
		A514CC372907F409000945B3 /* AlertConfirmationLimitView.swift in Sources */ = {isa = PBXBuildFile; fileRef = A514CC362907F409000945B3 /* AlertConfirmationLimitView.swift */; };
		A514CC3929097CF4000945B3 /* AdditionalLimitView.swift in Sources */ = {isa = PBXBuildFile; fileRef = A514CC3829097CF4000945B3 /* AdditionalLimitView.swift */; };
		A514CC3D290F856E000945B3 /* AlertMonthlyIncomeView.swift in Sources */ = {isa = PBXBuildFile; fileRef = A514CC3C290F856E000945B3 /* AlertMonthlyIncomeView.swift */; };
		A535CDD828EBEBC9000E6049 /* Financial_ManagementApp.swift in Sources */ = {isa = PBXBuildFile; fileRef = A535CDD728EBEBC9000E6049 /* Financial_ManagementApp.swift */; };
		A535CDDA28EBEBC9000E6049 /* DashboardStartUpView.swift in Sources */ = {isa = PBXBuildFile; fileRef = A535CDD928EBEBC9000E6049 /* DashboardStartUpView.swift */; };
		A535CDDC28EBEBC9000E6049 /* Assets.xcassets in Resources */ = {isa = PBXBuildFile; fileRef = A535CDDB28EBEBC9000E6049 /* Assets.xcassets */; };
		A535CDDF28EBEBC9000E6049 /* Preview Assets.xcassets in Resources */ = {isa = PBXBuildFile; fileRef = A535CDDE28EBEBC9000E6049 /* Preview Assets.xcassets */; };
		A535CDE128EBEBC9000E6049 /* Persistence.swift in Sources */ = {isa = PBXBuildFile; fileRef = A535CDE028EBEBC9000E6049 /* Persistence.swift */; };
		A535CDE428EBEBC9000E6049 /* Financial_Management.xcdatamodeld in Sources */ = {isa = PBXBuildFile; fileRef = A535CDE228EBEBC9000E6049 /* Financial_Management.xcdatamodeld */; };
		A535CDED28ED2129000E6049 /* MonthlyIncomeView.swift in Sources */ = {isa = PBXBuildFile; fileRef = A535CDEC28ED2129000E6049 /* MonthlyIncomeView.swift */; };
		A535CDEF28ED802B000E6049 /* LimitExpensesView.swift in Sources */ = {isa = PBXBuildFile; fileRef = A535CDEE28ED802A000E6049 /* LimitExpensesView.swift */; };
		A535CDF128EE8A2E000E6049 /* IncomeModel.swift in Sources */ = {isa = PBXBuildFile; fileRef = A535CDF028EE8A2E000E6049 /* IncomeModel.swift */; };
		A57686D029247B1800A4C53B /* NavigationBarViewModel.swift in Sources */ = {isa = PBXBuildFile; fileRef = A57686CF29247B1800A4C53B /* NavigationBarViewModel.swift */; };
		A5E5923728F464370081F937 /* MainView.swift in Sources */ = {isa = PBXBuildFile; fileRef = A5E5923628F464370081F937 /* MainView.swift */; };
		A5E5924928FF88810081F937 /* ExpensesHistoryView.swift in Sources */ = {isa = PBXBuildFile; fileRef = A5E5924828FF88810081F937 /* ExpensesHistoryView.swift */; };
		A5E5924B28FF8C580081F937 /* ExpensesItemModel.swift in Sources */ = {isa = PBXBuildFile; fileRef = A5E5924A28FF8C580081F937 /* ExpensesItemModel.swift */; };
		A5E5924D28FF8D380081F937 /* ExpenseSaveViewModel.swift in Sources */ = {isa = PBXBuildFile; fileRef = A5E5924C28FF8D380081F937 /* ExpenseSaveViewModel.swift */; };
		A5E5924F28FF8DC60081F937 /* ExpensesAddView.swift in Sources */ = {isa = PBXBuildFile; fileRef = A5E5924E28FF8DC60081F937 /* ExpensesAddView.swift */; };
/* End PBXBuildFile section */

/* Begin PBXFileReference section */
		A514CC3229025544000945B3 /* FirstViewModel.swift */ = {isa = PBXFileReference; lastKnownFileType = sourcecode.swift; path = FirstViewModel.swift; sourceTree = "<group>"; };
		A514CC3429064464000945B3 /* FirstView.swift */ = {isa = PBXFileReference; lastKnownFileType = sourcecode.swift; path = FirstView.swift; sourceTree = "<group>"; };
		A514CC362907F409000945B3 /* AlertConfirmationLimitView.swift */ = {isa = PBXFileReference; lastKnownFileType = sourcecode.swift; path = AlertConfirmationLimitView.swift; sourceTree = "<group>"; };
		A514CC3829097CF4000945B3 /* AdditionalLimitView.swift */ = {isa = PBXFileReference; lastKnownFileType = sourcecode.swift; path = AdditionalLimitView.swift; sourceTree = "<group>"; };
		A514CC3C290F856E000945B3 /* AlertMonthlyIncomeView.swift */ = {isa = PBXFileReference; lastKnownFileType = sourcecode.swift; path = AlertMonthlyIncomeView.swift; sourceTree = "<group>"; };
		A535CDD428EBEBC9000E6049 /* Financial Management.app */ = {isa = PBXFileReference; explicitFileType = wrapper.application; includeInIndex = 0; path = "Financial Management.app"; sourceTree = BUILT_PRODUCTS_DIR; };
		A535CDD728EBEBC9000E6049 /* Financial_ManagementApp.swift */ = {isa = PBXFileReference; lastKnownFileType = sourcecode.swift; path = Financial_ManagementApp.swift; sourceTree = "<group>"; };
		A535CDD928EBEBC9000E6049 /* DashboardStartUpView.swift */ = {isa = PBXFileReference; lastKnownFileType = sourcecode.swift; path = DashboardStartUpView.swift; sourceTree = "<group>"; };
		A535CDDB28EBEBC9000E6049 /* Assets.xcassets */ = {isa = PBXFileReference; lastKnownFileType = folder.assetcatalog; path = Assets.xcassets; sourceTree = "<group>"; };
		A535CDDE28EBEBC9000E6049 /* Preview Assets.xcassets */ = {isa = PBXFileReference; lastKnownFileType = folder.assetcatalog; path = "Preview Assets.xcassets"; sourceTree = "<group>"; };
		A535CDE028EBEBC9000E6049 /* Persistence.swift */ = {isa = PBXFileReference; lastKnownFileType = sourcecode.swift; path = Persistence.swift; sourceTree = "<group>"; };
		A535CDE328EBEBC9000E6049 /* Financial_Management.xcdatamodel */ = {isa = PBXFileReference; lastKnownFileType = wrapper.xcdatamodel; path = Financial_Management.xcdatamodel; sourceTree = "<group>"; };
		A535CDEC28ED2129000E6049 /* MonthlyIncomeView.swift */ = {isa = PBXFileReference; lastKnownFileType = sourcecode.swift; path = MonthlyIncomeView.swift; sourceTree = "<group>"; };
		A535CDEE28ED802A000E6049 /* LimitExpensesView.swift */ = {isa = PBXFileReference; lastKnownFileType = sourcecode.swift; path = LimitExpensesView.swift; sourceTree = "<group>"; };
		A535CDF028EE8A2E000E6049 /* IncomeModel.swift */ = {isa = PBXFileReference; lastKnownFileType = sourcecode.swift; path = IncomeModel.swift; sourceTree = "<group>"; };
		A57686CF29247B1800A4C53B /* NavigationBarViewModel.swift */ = {isa = PBXFileReference; lastKnownFileType = sourcecode.swift; path = NavigationBarViewModel.swift; sourceTree = "<group>"; };
		A5E5923628F464370081F937 /* MainView.swift */ = {isa = PBXFileReference; lastKnownFileType = sourcecode.swift; path = MainView.swift; sourceTree = "<group>"; };
		A5E5924828FF88810081F937 /* ExpensesHistoryView.swift */ = {isa = PBXFileReference; lastKnownFileType = sourcecode.swift; path = ExpensesHistoryView.swift; sourceTree = "<group>"; };
		A5E5924A28FF8C580081F937 /* ExpensesItemModel.swift */ = {isa = PBXFileReference; lastKnownFileType = sourcecode.swift; path = ExpensesItemModel.swift; sourceTree = "<group>"; };
		A5E5924C28FF8D380081F937 /* ExpenseSaveViewModel.swift */ = {isa = PBXFileReference; lastKnownFileType = sourcecode.swift; path = ExpenseSaveViewModel.swift; sourceTree = "<group>"; };
		A5E5924E28FF8DC60081F937 /* ExpensesAddView.swift */ = {isa = PBXFileReference; lastKnownFileType = sourcecode.swift; path = ExpensesAddView.swift; sourceTree = "<group>"; };
/* End PBXFileReference section */

/* Begin PBXFrameworksBuildPhase section */
		A535CDD128EBEBC9000E6049 /* Frameworks */ = {
			isa = PBXFrameworksBuildPhase;
			buildActionMask = 2147483647;
			files = (
			);
			runOnlyForDeploymentPostprocessing = 0;
		};
/* End PBXFrameworksBuildPhase section */

/* Begin PBXGroup section */
		A514CC4029128978000945B3 /* Model */ = {
			isa = PBXGroup;
			children = (
				A514CC3229025544000945B3 /* FirstViewModel.swift */,
				A535CDF028EE8A2E000E6049 /* IncomeModel.swift */,
				A5E5924A28FF8C580081F937 /* ExpensesItemModel.swift */,
			);
			path = Model;
			sourceTree = "<group>";
		};
		A535CDCB28EBEBC9000E6049 = {
			isa = PBXGroup;
			children = (
				A535CDD628EBEBC9000E6049 /* Financial Management */,
				A535CDD528EBEBC9000E6049 /* Products */,
			);
			sourceTree = "<group>";
		};
		A535CDD528EBEBC9000E6049 /* Products */ = {
			isa = PBXGroup;
			children = (
				A535CDD428EBEBC9000E6049 /* Financial Management.app */,
			);
			name = Products;
			sourceTree = "<group>";
		};
		A535CDD628EBEBC9000E6049 /* Financial Management */ = {
			isa = PBXGroup;
			children = (
				A514CC4029128978000945B3 /* Model */,
				A535CDF228EE97E8000E6049 /* View */,
				A535CDF328EE9835000E6049 /* ViewModel */,
				A535CDD728EBEBC9000E6049 /* Financial_ManagementApp.swift */,
				A57686CF29247B1800A4C53B /* NavigationBarViewModel.swift */,
				A535CDDB28EBEBC9000E6049 /* Assets.xcassets */,
				A535CDE028EBEBC9000E6049 /* Persistence.swift */,
				A535CDE228EBEBC9000E6049 /* Financial_Management.xcdatamodeld */,
				A535CDDD28EBEBC9000E6049 /* Preview Content */,
			);
			path = "Financial Management";
			sourceTree = "<group>";
		};
		A535CDDD28EBEBC9000E6049 /* Preview Content */ = {
			isa = PBXGroup;
			children = (
				A535CDDE28EBEBC9000E6049 /* Preview Assets.xcassets */,
			);
			path = "Preview Content";
			sourceTree = "<group>";
		};
		A535CDF228EE97E8000E6049 /* View */ = {
			isa = PBXGroup;
			children = (
				A514CC3429064464000945B3 /* FirstView.swift */,
				A535CDD928EBEBC9000E6049 /* DashboardStartUpView.swift */,
				A535CDEC28ED2129000E6049 /* MonthlyIncomeView.swift */,
				A514CC3C290F856E000945B3 /* AlertMonthlyIncomeView.swift */,
				A535CDEE28ED802A000E6049 /* LimitExpensesView.swift */,
				A514CC362907F409000945B3 /* AlertConfirmationLimitView.swift */,
				A5E5923628F464370081F937 /* MainView.swift */,
				A5E5924828FF88810081F937 /* ExpensesHistoryView.swift */,
				A5E5924E28FF8DC60081F937 /* ExpensesAddView.swift */,
				A514CC3829097CF4000945B3 /* AdditionalLimitView.swift */,
			);
			path = View;
			sourceTree = "<group>";
		};
		A535CDF328EE9835000E6049 /* ViewModel */ = {
			isa = PBXGroup;
			children = (
				A5E5924C28FF8D380081F937 /* ExpenseSaveViewModel.swift */,
			);
			path = ViewModel;
			sourceTree = "<group>";
		};
/* End PBXGroup section */

/* Begin PBXNativeTarget section */
		A535CDD328EBEBC9000E6049 /* Financial Management */ = {
			isa = PBXNativeTarget;
			buildConfigurationList = A535CDE728EBEBC9000E6049 /* Build configuration list for PBXNativeTarget "Financial Management" */;
			buildPhases = (
				A535CDD028EBEBC9000E6049 /* Sources */,
				A535CDD128EBEBC9000E6049 /* Frameworks */,
				A535CDD228EBEBC9000E6049 /* Resources */,
			);
			buildRules = (
			);
			dependencies = (
			);
			name = "Financial Management";
			productName = "Financial Management";
			productReference = A535CDD428EBEBC9000E6049 /* Financial Management.app */;
			productType = "com.apple.product-type.application";
		};
/* End PBXNativeTarget section */

/* Begin PBXProject section */
		A535CDCC28EBEBC9000E6049 /* Project object */ = {
			isa = PBXProject;
			attributes = {
				BuildIndependentTargetsInParallel = 1;
				LastSwiftUpdateCheck = 1340;
				LastUpgradeCheck = 1340;
				TargetAttributes = {
					A535CDD328EBEBC9000E6049 = {
						CreatedOnToolsVersion = 13.4.1;
					};
				};
			};
			buildConfigurationList = A535CDCF28EBEBC9000E6049 /* Build configuration list for PBXProject "Financial Management" */;
			compatibilityVersion = "Xcode 13.0";
			developmentRegion = en;
			hasScannedForEncodings = 0;
			knownRegions = (
				en,
				Base,
			);
			mainGroup = A535CDCB28EBEBC9000E6049;
			productRefGroup = A535CDD528EBEBC9000E6049 /* Products */;
			projectDirPath = "";
			projectRoot = "";
			targets = (
				A535CDD328EBEBC9000E6049 /* Financial Management */,
			);
		};
/* End PBXProject section */

/* Begin PBXResourcesBuildPhase section */
		A535CDD228EBEBC9000E6049 /* Resources */ = {
			isa = PBXResourcesBuildPhase;
			buildActionMask = 2147483647;
			files = (
				A535CDDF28EBEBC9000E6049 /* Preview Assets.xcassets in Resources */,
				A535CDDC28EBEBC9000E6049 /* Assets.xcassets in Resources */,
			);
			runOnlyForDeploymentPostprocessing = 0;
		};
/* End PBXResourcesBuildPhase section */

/* Begin PBXSourcesBuildPhase section */
		A535CDD028EBEBC9000E6049 /* Sources */ = {
			isa = PBXSourcesBuildPhase;
			buildActionMask = 2147483647;
			files = (
				A535CDE128EBEBC9000E6049 /* Persistence.swift in Sources */,
				A5E5923728F464370081F937 /* MainView.swift in Sources */,
				A57686D029247B1800A4C53B /* NavigationBarViewModel.swift in Sources */,
				A535CDEF28ED802B000E6049 /* LimitExpensesView.swift in Sources */,
				A5E5924D28FF8D380081F937 /* ExpenseSaveViewModel.swift in Sources */,
				A535CDF128EE8A2E000E6049 /* IncomeModel.swift in Sources */,
				A514CC3329025544000945B3 /* FirstViewModel.swift in Sources */,
				A535CDDA28EBEBC9000E6049 /* DashboardStartUpView.swift in Sources */,
				A514CC3929097CF4000945B3 /* AdditionalLimitView.swift in Sources */,
				A514CC3529064464000945B3 /* FirstView.swift in Sources */,
				A514CC3D290F856E000945B3 /* AlertMonthlyIncomeView.swift in Sources */,
				A535CDE428EBEBC9000E6049 /* Financial_Management.xcdatamodeld in Sources */,
				A5E5924F28FF8DC60081F937 /* ExpensesAddView.swift in Sources */,
				A514CC372907F409000945B3 /* AlertConfirmationLimitView.swift in Sources */,
				A535CDED28ED2129000E6049 /* MonthlyIncomeView.swift in Sources */,
				A5E5924928FF88810081F937 /* ExpensesHistoryView.swift in Sources */,
				A5E5924B28FF8C580081F937 /* ExpensesItemModel.swift in Sources */,
				A535CDD828EBEBC9000E6049 /* Financial_ManagementApp.swift in Sources */,
			);
			runOnlyForDeploymentPostprocessing = 0;
		};
/* End PBXSourcesBuildPhase section */

/* Begin XCBuildConfiguration section */
		A535CDE528EBEBC9000E6049 /* Debug */ = {
			isa = XCBuildConfiguration;
			buildSettings = {
				ALWAYS_SEARCH_USER_PATHS = NO;
				CLANG_ANALYZER_NONNULL = YES;
				CLANG_ANALYZER_NUMBER_OBJECT_CONVERSION = YES_AGGRESSIVE;
				CLANG_CXX_LANGUAGE_STANDARD = "gnu++17";
				CLANG_ENABLE_MODULES = YES;
				CLANG_ENABLE_OBJC_ARC = YES;
				CLANG_ENABLE_OBJC_WEAK = YES;
				CLANG_WARN_BLOCK_CAPTURE_AUTORELEASING = YES;
				CLANG_WARN_BOOL_CONVERSION = YES;
				CLANG_WARN_COMMA = YES;
				CLANG_WARN_CONSTANT_CONVERSION = YES;
				CLANG_WARN_DEPRECATED_OBJC_IMPLEMENTATIONS = YES;
				CLANG_WARN_DIRECT_OBJC_ISA_USAGE = YES_ERROR;
				CLANG_WARN_DOCUMENTATION_COMMENTS = YES;
				CLANG_WARN_EMPTY_BODY = YES;
				CLANG_WARN_ENUM_CONVERSION = YES;
				CLANG_WARN_INFINITE_RECURSION = YES;
				CLANG_WARN_INT_CONVERSION = YES;
				CLANG_WARN_NON_LITERAL_NULL_CONVERSION = YES;
				CLANG_WARN_OBJC_IMPLICIT_RETAIN_SELF = YES;
				CLANG_WARN_OBJC_LITERAL_CONVERSION = YES;
				CLANG_WARN_OBJC_ROOT_CLASS = YES_ERROR;
				CLANG_WARN_QUOTED_INCLUDE_IN_FRAMEWORK_HEADER = YES;
				CLANG_WARN_RANGE_LOOP_ANALYSIS = YES;
				CLANG_WARN_STRICT_PROTOTYPES = YES;
				CLANG_WARN_SUSPICIOUS_MOVE = YES;
				CLANG_WARN_UNGUARDED_AVAILABILITY = YES_AGGRESSIVE;
				CLANG_WARN_UNREACHABLE_CODE = YES;
				CLANG_WARN__DUPLICATE_METHOD_MATCH = YES;
				COPY_PHASE_STRIP = NO;
				DEBUG_INFORMATION_FORMAT = dwarf;
				ENABLE_STRICT_OBJC_MSGSEND = YES;
				ENABLE_TESTABILITY = YES;
				GCC_C_LANGUAGE_STANDARD = gnu11;
				GCC_DYNAMIC_NO_PIC = NO;
				GCC_NO_COMMON_BLOCKS = YES;
				GCC_OPTIMIZATION_LEVEL = 0;
				GCC_PREPROCESSOR_DEFINITIONS = (
					"DEBUG=1",
					"$(inherited)",
				);
				GCC_WARN_64_TO_32_BIT_CONVERSION = YES;
				GCC_WARN_ABOUT_RETURN_TYPE = YES_ERROR;
				GCC_WARN_UNDECLARED_SELECTOR = YES;
				GCC_WARN_UNINITIALIZED_AUTOS = YES_AGGRESSIVE;
				GCC_WARN_UNUSED_FUNCTION = YES;
				GCC_WARN_UNUSED_VARIABLE = YES;
				IPHONEOS_DEPLOYMENT_TARGET = 15.5;
				MTL_ENABLE_DEBUG_INFO = INCLUDE_SOURCE;
				MTL_FAST_MATH = YES;
				ONLY_ACTIVE_ARCH = YES;
				SDKROOT = iphoneos;
				SWIFT_ACTIVE_COMPILATION_CONDITIONS = DEBUG;
				SWIFT_OPTIMIZATION_LEVEL = "-Onone";
			};
			name = Debug;
		};
		A535CDE628EBEBC9000E6049 /* Release */ = {
			isa = XCBuildConfiguration;
			buildSettings = {
				ALWAYS_SEARCH_USER_PATHS = NO;
				CLANG_ANALYZER_NONNULL = YES;
				CLANG_ANALYZER_NUMBER_OBJECT_CONVERSION = YES_AGGRESSIVE;
				CLANG_CXX_LANGUAGE_STANDARD = "gnu++17";
				CLANG_ENABLE_MODULES = YES;
				CLANG_ENABLE_OBJC_ARC = YES;
				CLANG_ENABLE_OBJC_WEAK = YES;
				CLANG_WARN_BLOCK_CAPTURE_AUTORELEASING = YES;
				CLANG_WARN_BOOL_CONVERSION = YES;
				CLANG_WARN_COMMA = YES;
				CLANG_WARN_CONSTANT_CONVERSION = YES;
				CLANG_WARN_DEPRECATED_OBJC_IMPLEMENTATIONS = YES;
				CLANG_WARN_DIRECT_OBJC_ISA_USAGE = YES_ERROR;
				CLANG_WARN_DOCUMENTATION_COMMENTS = YES;
				CLANG_WARN_EMPTY_BODY = YES;
				CLANG_WARN_ENUM_CONVERSION = YES;
				CLANG_WARN_INFINITE_RECURSION = YES;
				CLANG_WARN_INT_CONVERSION = YES;
				CLANG_WARN_NON_LITERAL_NULL_CONVERSION = YES;
				CLANG_WARN_OBJC_IMPLICIT_RETAIN_SELF = YES;
				CLANG_WARN_OBJC_LITERAL_CONVERSION = YES;
				CLANG_WARN_OBJC_ROOT_CLASS = YES_ERROR;
				CLANG_WARN_QUOTED_INCLUDE_IN_FRAMEWORK_HEADER = YES;
				CLANG_WARN_RANGE_LOOP_ANALYSIS = YES;
				CLANG_WARN_STRICT_PROTOTYPES = YES;
				CLANG_WARN_SUSPICIOUS_MOVE = YES;
				CLANG_WARN_UNGUARDED_AVAILABILITY = YES_AGGRESSIVE;
				CLANG_WARN_UNREACHABLE_CODE = YES;
				CLANG_WARN__DUPLICATE_METHOD_MATCH = YES;
				COPY_PHASE_STRIP = NO;
				DEBUG_INFORMATION_FORMAT = "dwarf-with-dsym";
				ENABLE_NS_ASSERTIONS = NO;
				ENABLE_STRICT_OBJC_MSGSEND = YES;
				GCC_C_LANGUAGE_STANDARD = gnu11;
				GCC_NO_COMMON_BLOCKS = YES;
				GCC_WARN_64_TO_32_BIT_CONVERSION = YES;
				GCC_WARN_ABOUT_RETURN_TYPE = YES_ERROR;
				GCC_WARN_UNDECLARED_SELECTOR = YES;
				GCC_WARN_UNINITIALIZED_AUTOS = YES_AGGRESSIVE;
				GCC_WARN_UNUSED_FUNCTION = YES;
				GCC_WARN_UNUSED_VARIABLE = YES;
				IPHONEOS_DEPLOYMENT_TARGET = 15.5;
				MTL_ENABLE_DEBUG_INFO = NO;
				MTL_FAST_MATH = YES;
				SDKROOT = iphoneos;
				SWIFT_COMPILATION_MODE = wholemodule;
				SWIFT_OPTIMIZATION_LEVEL = "-O";
				VALIDATE_PRODUCT = YES;
			};
			name = Release;
		};
		A535CDE828EBEBC9000E6049 /* Debug */ = {
			isa = XCBuildConfiguration;
			buildSettings = {
				ASSETCATALOG_COMPILER_APPICON_NAME = AppIcon;
				ASSETCATALOG_COMPILER_GLOBAL_ACCENT_COLOR_NAME = AccentColor;
				CODE_SIGN_STYLE = Automatic;
				CURRENT_PROJECT_VERSION = 1;
				DEVELOPMENT_ASSET_PATHS = "\"Financial Management/Preview Content\"";
				DEVELOPMENT_TEAM = 9S74ZT5SNF;
				ENABLE_PREVIEWS = YES;
				GENERATE_INFOPLIST_FILE = YES;
				INFOPLIST_KEY_UIApplicationSceneManifest_Generation = YES;
				INFOPLIST_KEY_UIApplicationSupportsIndirectInputEvents = YES;
				INFOPLIST_KEY_UILaunchScreen_Generation = YES;
				INFOPLIST_KEY_UISupportedInterfaceOrientations_iPad = "UIInterfaceOrientationPortrait UIInterfaceOrientationPortraitUpsideDown UIInterfaceOrientationLandscapeLeft UIInterfaceOrientationLandscapeRight";
				INFOPLIST_KEY_UISupportedInterfaceOrientations_iPhone = "UIInterfaceOrientationPortrait UIInterfaceOrientationLandscapeLeft UIInterfaceOrientationLandscapeRight";
				LD_RUNPATH_SEARCH_PATHS = (
					"$(inherited)",
					"@executable_path/Frameworks",
				);
				MARKETING_VERSION = 1.0;
				PRODUCT_BUNDLE_IDENTIFIER = "com.iplayallday.Financial-Management";
				PRODUCT_NAME = "$(TARGET_NAME)";
				SWIFT_EMIT_LOC_STRINGS = YES;
				SWIFT_VERSION = 5.0;
				TARGETED_DEVICE_FAMILY = "1,2";
			};
			name = Debug;
		};
		A535CDE928EBEBC9000E6049 /* Release */ = {
			isa = XCBuildConfiguration;
			buildSettings = {
				ASSETCATALOG_COMPILER_APPICON_NAME = AppIcon;
				ASSETCATALOG_COMPILER_GLOBAL_ACCENT_COLOR_NAME = AccentColor;
				CODE_SIGN_STYLE = Automatic;
				CURRENT_PROJECT_VERSION = 1;
				DEVELOPMENT_ASSET_PATHS = "\"Financial Management/Preview Content\"";
				DEVELOPMENT_TEAM = 9S74ZT5SNF;
				ENABLE_PREVIEWS = YES;
				GENERATE_INFOPLIST_FILE = YES;
				INFOPLIST_KEY_UIApplicationSceneManifest_Generation = YES;
				INFOPLIST_KEY_UIApplicationSupportsIndirectInputEvents = YES;
				INFOPLIST_KEY_UILaunchScreen_Generation = YES;
				INFOPLIST_KEY_UISupportedInterfaceOrientations_iPad = "UIInterfaceOrientationPortrait UIInterfaceOrientationPortraitUpsideDown UIInterfaceOrientationLandscapeLeft UIInterfaceOrientationLandscapeRight";
				INFOPLIST_KEY_UISupportedInterfaceOrientations_iPhone = "UIInterfaceOrientationPortrait UIInterfaceOrientationLandscapeLeft UIInterfaceOrientationLandscapeRight";
				LD_RUNPATH_SEARCH_PATHS = (
					"$(inherited)",
					"@executable_path/Frameworks",
				);
				MARKETING_VERSION = 1.0;
				PRODUCT_BUNDLE_IDENTIFIER = "com.iplayallday.Financial-Management";
				PRODUCT_NAME = "$(TARGET_NAME)";
				SWIFT_EMIT_LOC_STRINGS = YES;
				SWIFT_VERSION = 5.0;
				TARGETED_DEVICE_FAMILY = "1,2";
			};
			name = Release;
		};
/* End XCBuildConfiguration section */

/* Begin XCConfigurationList section */
		A535CDCF28EBEBC9000E6049 /* Build configuration list for PBXProject "Financial Management" */ = {
			isa = XCConfigurationList;
			buildConfigurations = (
				A535CDE528EBEBC9000E6049 /* Debug */,
				A535CDE628EBEBC9000E6049 /* Release */,
			);
			defaultConfigurationIsVisible = 0;
			defaultConfigurationName = Release;
		};
		A535CDE728EBEBC9000E6049 /* Build configuration list for PBXNativeTarget "Financial Management" */ = {
			isa = XCConfigurationList;
			buildConfigurations = (
				A535CDE828EBEBC9000E6049 /* Debug */,
				A535CDE928EBEBC9000E6049 /* Release */,
			);
			defaultConfigurationIsVisible = 0;
			defaultConfigurationName = Release;
		};
/* End XCConfigurationList section */

/* Begin XCVersionGroup section */
		A535CDE228EBEBC9000E6049 /* Financial_Management.xcdatamodeld */ = {
			isa = XCVersionGroup;
			children = (
				A535CDE328EBEBC9000E6049 /* Financial_Management.xcdatamodel */,
			);
			currentVersion = A535CDE328EBEBC9000E6049 /* Financial_Management.xcdatamodel */;
			path = Financial_Management.xcdatamodeld;
			sourceTree = "<group>";
			versionGroupType = wrapper.xcdatamodel;
		};
/* End XCVersionGroup section */
	};
	rootObject = A535CDCC28EBEBC9000E6049 /* Project object */;
}
